// !$*UTF8*$!
{
	archiveVersion = 1;
	classes = {
	};
	objectVersion = 48;
	objects = {

/* Begin PBXBuildFile section */
		F5EE21F6203C5A9D00EB8283 /* AppDelegate.swift in Sources */ = {isa = PBXBuildFile; fileRef = F5EE21F5203C5A9D00EB8283 /* AppDelegate.swift */; };
		F5EE21F8203C5A9D00EB8283 /* ViewController.swift in Sources */ = {isa = PBXBuildFile; fileRef = F5EE21F7203C5A9D00EB8283 /* ViewController.swift */; };
		F5EE21FB203C5A9D00EB8283 /* Main.storyboard in Resources */ = {isa = PBXBuildFile; fileRef = F5EE21F9203C5A9D00EB8283 /* Main.storyboard */; };
		F5EE21FD203C5A9D00EB8283 /* Assets.xcassets in Resources */ = {isa = PBXBuildFile; fileRef = F5EE21FC203C5A9D00EB8283 /* Assets.xcassets */; };
		F5EE2200203C5A9D00EB8283 /* LaunchScreen.storyboard in Resources */ = {isa = PBXBuildFile; fileRef = F5EE21FE203C5A9D00EB8283 /* LaunchScreen.storyboard */; };
/* End PBXBuildFile section */

/* Begin PBXFileReference section */
		F5EE21F2203C5A9D00EB8283 /* find.app */ = {isa = PBXFileReference; explicitFileType = wrapper.application; includeInIndex = 0; path = find.app; sourceTree = BUILT_PRODUCTS_DIR; };
		F5EE21F5203C5A9D00EB8283 /* AppDelegate.swift */ = {isa = PBXFileReference; lastKnownFileType = sourcecode.swift; path = AppDelegate.swift; sourceTree = "<group>"; };
		F5EE21F7203C5A9D00EB8283 /* ViewController.swift */ = {isa = PBXFileReference; lastKnownFileType = sourcecode.swift; path = ViewController.swift; sourceTree = "<group>"; };
		F5EE21FA203C5A9D00EB8283 /* Base */ = {isa = PBXFileReference; lastKnownFileType = file.storyboard; name = Base; path = Base.lproj/Main.storyboard; sourceTree = "<group>"; };
		F5EE21FC203C5A9D00EB8283 /* Assets.xcassets */ = {isa = PBXFileReference; lastKnownFileType = folder.assetcatalog; path = Assets.xcassets; sourceTree = "<group>"; };
		F5EE21FF203C5A9D00EB8283 /* Base */ = {isa = PBXFileReference; lastKnownFileType = file.storyboard; name = Base; path = Base.lproj/LaunchScreen.storyboard; sourceTree = "<group>"; };
		F5EE2201203C5A9D00EB8283 /* Info.plist */ = {isa = PBXFileReference; lastKnownFileType = text.plist.xml; path = Info.plist; sourceTree = "<group>"; };
/* End PBXFileReference section */

/* Begin PBXFrameworksBuildPhase section */
		F5EE21EF203C5A9D00EB8283 /* Frameworks */ = {
			isa = PBXFrameworksBuildPhase;
			buildActionMask = 2147483647;
			files = (
			);
			runOnlyForDeploymentPostprocessing = 0;
		};
/* End PBXFrameworksBuildPhase section */

/* Begin PBXGroup section */
		F5EE21E9203C5A9D00EB8283 = {
			isa = PBXGroup;
			children = (
				F5EE21F4203C5A9D00EB8283 /* find */,
				F5EE21F3203C5A9D00EB8283 /* Products */,
			);
			sourceTree = "<group>";
		};
		F5EE21F3203C5A9D00EB8283 /* Products */ = {
			isa = PBXGroup;
			children = (
				F5EE21F2203C5A9D00EB8283 /* find.app */,
			);
			name = Products;
			sourceTree = "<group>";
		};
		F5EE21F4203C5A9D00EB8283 /* find */ = {
			isa = PBXGroup;
			children = (
				F5EE21F5203C5A9D00EB8283 /* AppDelegate.swift */,
				F5EE21F7203C5A9D00EB8283 /* ViewController.swift */,
				F5EE21F9203C5A9D00EB8283 /* Main.storyboard */,
				F5EE21FC203C5A9D00EB8283 /* Assets.xcassets */,
				F5EE21FE203C5A9D00EB8283 /* LaunchScreen.storyboard */,
				F5EE2201203C5A9D00EB8283 /* Info.plist */,
			);
			path = find;
			sourceTree = "<group>";
		};
/* End PBXGroup section */

/* Begin PBXNativeTarget section */
		F5EE21F1203C5A9D00EB8283 /* find */ = {
			isa = PBXNativeTarget;
			buildConfigurationList = F5EE2204203C5A9D00EB8283 /* Build configuration list for PBXNativeTarget "find" */;
			buildPhases = (
				F5EE21EE203C5A9D00EB8283 /* Sources */,
				F5EE21EF203C5A9D00EB8283 /* Frameworks */,
				F5EE21F0203C5A9D00EB8283 /* Resources */,
			);
			buildRules = (
			);
			dependencies = (
			);
			name = find;
			productName = find;
			productReference = F5EE21F2203C5A9D00EB8283 /* find.app */;
			productType = "com.apple.product-type.application";
		};
/* End PBXNativeTarget section */

/* Begin PBXProject section */
		F5EE21EA203C5A9D00EB8283 /* Project object */ = {
			isa = PBXProject;
			attributes = {
				LastSwiftUpdateCheck = 0920;
				LastUpgradeCheck = 0920;
				ORGANIZATIONNAME = "Antonio Giaquinto";
				TargetAttributes = {
					F5EE21F1203C5A9D00EB8283 = {
						CreatedOnToolsVersion = 9.2;
						ProvisioningStyle = Automatic;
					};
				};
			};
			buildConfigurationList = F5EE21ED203C5A9D00EB8283 /* Build configuration list for PBXProject "find" */;
			compatibilityVersion = "Xcode 8.0";
			developmentRegion = en;
			hasScannedForEncodings = 0;
			knownRegions = (
				en,
				Base,
			);
			mainGroup = F5EE21E9203C5A9D00EB8283;
			productRefGroup = F5EE21F3203C5A9D00EB8283 /* Products */;
			projectDirPath = "";
			projectRoot = "";
			targets = (
				F5EE21F1203C5A9D00EB8283 /* find */,
			);
		};
/* End PBXProject section */

/* Begin PBXResourcesBuildPhase section */
		F5EE21F0203C5A9D00EB8283 /* Resources */ = {
			isa = PBXResourcesBuildPhase;
			buildActionMask = 2147483647;
			files = (
				F5EE2200203C5A9D00EB8283 /* LaunchScreen.storyboard in Resources */,
				F5EE21FD203C5A9D00EB8283 /* Assets.xcassets in Resources */,
				F5EE21FB203C5A9D00EB8283 /* Main.storyboard in Resources */,
			);
			runOnlyForDeploymentPostprocessing = 0;
		};
/* End PBXResourcesBuildPhase section */

/* Begin PBXSourcesBuildPhase section */
		F5EE21EE203C5A9D00EB8283 /* Sources */ = {
			isa = PBXSourcesBuildPhase;
			buildActionMask = 2147483647;
			files = (
				F5EE21F8203C5A9D00EB8283 /* ViewController.swift in Sources */,
				F5EE21F6203C5A9D00EB8283 /* AppDelegate.swift in Sources */,
			);
			runOnlyForDeploymentPostprocessing = 0;
		};
/* End PBXSourcesBuildPhase section */

/* Begin PBXVariantGroup section */
		F5EE21F9203C5A9D00EB8283 /* Main.storyboard */ = {
			isa = PBXVariantGroup;
			children = (
				F5EE21FA203C5A9D00EB8283 /* Base */,
			);
			name = Main.storyboard;
			sourceTree = "<group>";
		};
		F5EE21FE203C5A9D00EB8283 /* LaunchScreen.storyboard */ = {
			isa = PBXVariantGroup;
			children = (
				F5EE21FF203C5A9D00EB8283 /* Base */,
			);
			name = LaunchScreen.storyboard;
			sourceTree = "<group>";
		};
/* End PBXVariantGroup section */

/* Begin XCBuildConfiguration section */
		F5EE2202203C5A9D00EB8283 /* Debug */ = {
			isa = XCBuildConfiguration;
			buildSettings = {
				ALWAYS_SEARCH_USER_PATHS = NO;
				CLANG_ANALYZER_NONNULL = YES;
				CLANG_ANALYZER_NUMBER_OBJECT_CONVERSION = YES_AGGRESSIVE;
				CLANG_CXX_LANGUAGE_STANDARD = "gnu++14";
				CLANG_CXX_LIBRARY = "libc++";
				CLANG_ENABLE_MODULES = YES;
				CLANG_ENABLE_OBJC_ARC = YES;
				CLANG_WARN_BLOCK_CAPTURE_AUTORELEASING = YES;
				CLANG_WARN_BOOL_CONVERSION = YES;
				CLANG_WARN_COMMA = YES;
				CLANG_WARN_CONSTANT_CONVERSION = YES;
				CLANG_WARN_DIRECT_OBJC_ISA_USAGE = YES_ERROR;
				CLANG_WARN_DOCUMENTATION_COMMENTS = YES;
				CLANG_WARN_EMPTY_BODY = YES;
				CLANG_WARN_ENUM_CONVERSION = YES;
				CLANG_WARN_INFINITE_RECURSION = YES;
				CLANG_WARN_INT_CONVERSION = YES;
				CLANG_WARN_NON_LITERAL_NULL_CONVERSION = YES;
				CLANG_WARN_OBJC_LITERAL_CONVERSION = YES;
				CLANG_WARN_OBJC_ROOT_CLASS = YES_ERROR;
				CLANG_WARN_RANGE_LOOP_ANALYSIS = YES;
				CLANG_WARN_STRICT_PROTOTYPES = YES;
				CLANG_WARN_SUSPICIOUS_MOVE = YES;
				CLANG_WARN_UNGUARDED_AVAILABILITY = YES_AGGRESSIVE;
				CLANG_WARN_UNREACHABLE_CODE = YES;
				CLANG_WARN__DUPLICATE_METHOD_MATCH = YES;
				CODE_SIGN_IDENTITY = "iPhone Developer";
				COPY_PHASE_STRIP = NO;
				DEBUG_INFORMATION_FORMAT = dwarf;
				ENABLE_STRICT_OBJC_MSGSEND = YES;
				ENABLE_TESTABILITY = YES;
				GCC_C_LANGUAGE_STANDARD = gnu11;
				GCC_DYNAMIC_NO_PIC = NO;
				GCC_NO_COMMON_BLOCKS = YES;
				GCC_OPTIMIZATION_LEVEL = 0;
				GCC_PREPROCESSOR_DEFINITIONS = (
					"DEBUG=1",
					"$(inherited)",
				);
				GCC_WARN_64_TO_32_BIT_CONVERSION = YES;
				GCC_WARN_ABOUT_RETURN_TYPE = YES_ERROR;
				GCC_WARN_UNDECLARED_SELECTOR = YES;
				GCC_WARN_UNINITIALIZED_AUTOS = YES_AGGRESSIVE;
				GCC_WARN_UNUSED_FUNCTION = YES;
				GCC_WARN_UNUSED_VARIABLE = YES;
				IPHONEOS_DEPLOYMENT_TARGET = 11.2;
				MTL_ENABLE_DEBUG_INFO = YES;
				ONLY_ACTIVE_ARCH = YES;
				SDKROOT = iphoneos;
				SWIFT_ACTIVE_COMPILATION_CONDITIONS = DEBUG;
				SWIFT_OPTIMIZATION_LEVEL = "-Onone";
			};
			name = Debug;
		};
		F5EE2203203C5A9D00EB8283 /* Release */ = {
			isa = XCBuildConfiguration;
			buildSettings = {
				ALWAYS_SEARCH_USER_PATHS = NO;
				CLANG_ANALYZER_NONNULL = YES;
				CLANG_ANALYZER_NUMBER_OBJECT_CONVERSION = YES_AGGRESSIVE;
				CLANG_CXX_LANGUAGE_STANDARD = "gnu++14";
				CLANG_CXX_LIBRARY = "libc++";
				CLANG_ENABLE_MODULES = YES;
				CLANG_ENABLE_OBJC_ARC = YES;
				CLANG_WARN_BLOCK_CAPTURE_AUTORELEASING = YES;
				CLANG_WARN_BOOL_CONVERSION = YES;
				CLANG_WARN_COMMA = YES;
				CLANG_WARN_CONSTANT_CONVERSION = YES;
				CLANG_WARN_DIRECT_OBJC_ISA_USAGE = YES_ERROR;
				CLANG_WARN_DOCUMENTATION_COMMENTS = YES;
				CLANG_WARN_EMPTY_BODY = YES;
				CLANG_WARN_ENUM_CONVERSION = YES;
				CLANG_WARN_INFINITE_RECURSION = YES;
				CLANG_WARN_INT_CONVERSION = YES;
				CLANG_WARN_NON_LITERAL_NULL_CONVERSION = YES;
				CLANG_WARN_OBJC_LITERAL_CONVERSION = YES;
				CLANG_WARN_OBJC_ROOT_CLASS = YES_ERROR;
				CLANG_WARN_RANGE_LOOP_ANALYSIS = YES;
				CLANG_WARN_STRICT_PROTOTYPES = YES;
				CLANG_WARN_SUSPICIOUS_MOVE = YES;
				CLANG_WARN_UNGUARDED_AVAILABILITY = YES_AGGRESSIVE;
				CLANG_WARN_UNREACHABLE_CODE = YES;
				CLANG_WARN__DUPLICATE_METHOD_MATCH = YES;
				CODE_SIGN_IDENTITY = "iPhone Developer";
				COPY_PHASE_STRIP = NO;
				DEBUG_INFORMATION_FORMAT = "dwarf-with-dsym";
				ENABLE_NS_ASSERTIONS = NO;
				ENABLE_STRICT_OBJC_MSGSEND = YES;
				GCC_C_LANGUAGE_STANDARD = gnu11;
				GCC_NO_COMMON_BLOCKS = YES;
				GCC_WARN_64_TO_32_BIT_CONVERSION = YES;
				GCC_WARN_ABOUT_RETURN_TYPE = YES_ERROR;
				GCC_WARN_UNDECLARED_SELECTOR = YES;
				GCC_WARN_UNINITIALIZED_AUTOS = YES_AGGRESSIVE;
				GCC_WARN_UNUSED_FUNCTION = YES;
				GCC_WARN_UNUSED_VARIABLE = YES;
				IPHONEOS_DEPLOYMENT_TARGET = 11.2;
				MTL_ENABLE_DEBUG_INFO = NO;
				SDKROOT = iphoneos;
				SWIFT_OPTIMIZATION_LEVEL = "-Owholemodule";
				VALIDATE_PRODUCT = YES;
			};
			name = Release;
		};
		F5EE2205203C5A9D00EB8283 /* Debug */ = {
			isa = XCBuildConfiguration;
			buildSettings = {
				ASSETCATALOG_COMPILER_APPICON_NAME = AppIcon;
				CODE_SIGN_STYLE = Automatic;
				DEVELOPMENT_TEAM = 37V3WA9RMD;
				INFOPLIST_FILE = find/Info.plist;
				LD_RUNPATH_SEARCH_PATHS = "$(inherited) @executable_path/Frameworks";
				PRODUCT_BUNDLE_IDENTIFIER = KnightClub.find;
				PRODUCT_NAME = "$(TARGET_NAME)";
				SWIFT_VERSION = 4.0;
				TARGETED_DEVICE_FAMILY = "1,2";
			};
			name = Debug;
		};
		F5EE2206203C5A9D00EB8283 /* Release */ = {
			isa = XCBuildConfiguration;
			buildSettings = {
				ASSETCATALOG_COMPILER_APPICON_NAME = AppIcon;
				CODE_SIGN_STYLE = Automatic;
				DEVELOPMENT_TEAM = 37V3WA9RMD;
				INFOPLIST_FILE = find/Info.plist;
				LD_RUNPATH_SEARCH_PATHS = "$(inherited) @executable_path/Frameworks";
				PRODUCT_BUNDLE_IDENTIFIER = KnightClub.find;
				PRODUCT_NAME = "$(TARGET_NAME)";
				SWIFT_VERSION = 4.0;
				TARGETED_DEVICE_FAMILY = "1,2";
			};
			name = Release;
		};
/* End XCBuildConfiguration section */

/* Begin XCConfigurationList section */
		F5EE21ED203C5A9D00EB8283 /* Build configuration list for PBXProject "find" */ = {
			isa = XCConfigurationList;
			buildConfigurations = (
				F5EE2202203C5A9D00EB8283 /* Debug */,
				F5EE2203203C5A9D00EB8283 /* Release */,
			);
			defaultConfigurationIsVisible = 0;
			defaultConfigurationName = Release;
		};
		F5EE2204203C5A9D00EB8283 /* Build configuration list for PBXNativeTarget "find" */ = {
			isa = XCConfigurationList;
			buildConfigurations = (
				F5EE2205203C5A9D00EB8283 /* Debug */,
				F5EE2206203C5A9D00EB8283 /* Release */,
			);
			defaultConfigurationIsVisible = 0;
			defaultConfigurationName = Release;
		};
/* End XCConfigurationList section */
	};
	rootObject = F5EE21EA203C5A9D00EB8283 /* Project object */;
}
